
Microsoft Visual Studio Solution File, Format Version 12.00
# Visual Studio Version 17
VisualStudioVersion = 17.4.33122.133
MinimumVisualStudioVersion = 10.0.40219.1
Project("{9A19103F-16F7-4668-BE54-9A1E7A4F7556}") = "PZ4", "PZ3\PZ4.csproj", "{24C1163B-2FF9-4AC8-ACBF-3EE2B40767AA}"
EndProject
Global
	GlobalSection(SolutionConfigurationPlatforms) = preSolution
		Debug|Any CPU = Debug|Any CPU
		Release|Any CPU = Release|Any CPU
	EndGlobalSection
	GlobalSection(ProjectConfigurationPlatforms) = postSolution
		{24C1163B-2FF9-4AC8-ACBF-3EE2B40767AA}.Debug|Any CPU.ActiveCfg = Debug|Any CPU
		{24C1163B-2FF9-4AC8-ACBF-3EE2B40767AA}.Debug|Any CPU.Build.0 = Debug|Any CPU
		{24C1163B-2FF9-4AC8-ACBF-3EE2B40767AA}.Release|Any CPU.ActiveCfg = Release|Any CPU
		{24C1163B-2FF9-4AC8-ACBF-3EE2B40767AA}.Release|Any CPU.Build.0 = Release|Any CPU
	EndGlobalSection
	GlobalSection(SolutionProperties) = preSolution
		HideSolutionNode = FALSE
	EndGlobalSection
	GlobalSection(ExtensibilityGlobals) = postSolution
		SolutionGuid = {D1598AC0-D063-45C0-9F22-5C82B8E1D163}
	EndGlobalSection
EndGlobal
